
Microsoft Visual Studio Solution File, Format Version 12.00
# Visual Studio Version 16
VisualStudioVersion = 16.0.31410.357
MinimumVisualStudioVersion = 10.0.40219.1
Project("{9A19103F-16F7-4668-BE54-9A1E7A4F7556}") = "ExemploEnum", "ExemploEnum\ExemploEnum.csproj", "{F4DEA3D4-CFAD-4839-82B9-C00EF1C14A77}"
EndProject
Project("{9A19103F-16F7-4668-BE54-9A1E7A4F7556}") = "ExercicioResolvidoEnum", "ExercicioResolvidoEnum\ExercicioResolvidoEnum.csproj", "{063BC744-1B53-4F68-B984-57B84ABF9392}"
EndProject
Project("{9A19103F-16F7-4668-BE54-9A1E7A4F7556}") = "ExercicioResolvidoDemoStringBuilder", "ExercicioResolvidoDemoStringBuilder\ExercicioResolvidoDemoStringBuilder.csproj", "{6AF88B35-4DF8-40BE-B18B-127B20176946}"
EndProject
Project("{9A19103F-16F7-4668-BE54-9A1E7A4F7556}") = "ExercicioPropostoEnumeracaoComposicao", "ExercicioPropostoEnumeracaoComposicao\ExercicioPropostoEnumeracaoComposicao.csproj", "{9981E0C1-42A5-44F2-B98C-560F8F4F5F16}"
EndProject
Project("{9A19103F-16F7-4668-BE54-9A1E7A4F7556}") = "HerancaExemplo", "HerancaExemplo\HerancaExemplo.csproj", "{7E08E752-CBFA-441A-846C-4C3ADD49F10D}"
EndProject
Project("{9A19103F-16F7-4668-BE54-9A1E7A4F7556}") = "ExercicioResolvidoHeranca", "ExercicioResolvidoHeranca\ExercicioResolvidoHeranca.csproj", "{4FC29E18-B5CD-4A48-9A42-902343B08652}"
EndProject
Project("{9A19103F-16F7-4668-BE54-9A1E7A4F7556}") = "ExercicioPropostoHerenca", "ExercicioPropostoHerenca\ExercicioPropostoHerenca.csproj", "{AC6D16F0-543F-4403-954C-A673790998D2}"
EndProject
Project("{FAE04EC0-301F-11D3-BF4B-00C04F79EFBC}") = "ExercicioResolvidoMetodosAbstratos", "ExercicioResolvidoMetodosAbstratos\ExercicioResolvidoMetodosAbstratos.csproj", "{393EA823-6D90-474E-85D7-E6EEFF52B276}"
EndProject
Global
	GlobalSection(SolutionConfigurationPlatforms) = preSolution
		Debug|Any CPU = Debug|Any CPU
		Release|Any CPU = Release|Any CPU
	EndGlobalSection
	GlobalSection(ProjectConfigurationPlatforms) = postSolution
		{F4DEA3D4-CFAD-4839-82B9-C00EF1C14A77}.Debug|Any CPU.ActiveCfg = Debug|Any CPU
		{F4DEA3D4-CFAD-4839-82B9-C00EF1C14A77}.Debug|Any CPU.Build.0 = Debug|Any CPU
		{F4DEA3D4-CFAD-4839-82B9-C00EF1C14A77}.Release|Any CPU.ActiveCfg = Release|Any CPU
		{F4DEA3D4-CFAD-4839-82B9-C00EF1C14A77}.Release|Any CPU.Build.0 = Release|Any CPU
		{063BC744-1B53-4F68-B984-57B84ABF9392}.Debug|Any CPU.ActiveCfg = Debug|Any CPU
		{063BC744-1B53-4F68-B984-57B84ABF9392}.Debug|Any CPU.Build.0 = Debug|Any CPU
		{063BC744-1B53-4F68-B984-57B84ABF9392}.Release|Any CPU.ActiveCfg = Release|Any CPU
		{063BC744-1B53-4F68-B984-57B84ABF9392}.Release|Any CPU.Build.0 = Release|Any CPU
		{6AF88B35-4DF8-40BE-B18B-127B20176946}.Debug|Any CPU.ActiveCfg = Debug|Any CPU
		{6AF88B35-4DF8-40BE-B18B-127B20176946}.Debug|Any CPU.Build.0 = Debug|Any CPU
		{6AF88B35-4DF8-40BE-B18B-127B20176946}.Release|Any CPU.ActiveCfg = Release|Any CPU
		{6AF88B35-4DF8-40BE-B18B-127B20176946}.Release|Any CPU.Build.0 = Release|Any CPU
		{9981E0C1-42A5-44F2-B98C-560F8F4F5F16}.Debug|Any CPU.ActiveCfg = Debug|Any CPU
		{9981E0C1-42A5-44F2-B98C-560F8F4F5F16}.Debug|Any CPU.Build.0 = Debug|Any CPU
		{9981E0C1-42A5-44F2-B98C-560F8F4F5F16}.Release|Any CPU.ActiveCfg = Release|Any CPU
		{9981E0C1-42A5-44F2-B98C-560F8F4F5F16}.Release|Any CPU.Build.0 = Release|Any CPU
		{7E08E752-CBFA-441A-846C-4C3ADD49F10D}.Debug|Any CPU.ActiveCfg = Debug|Any CPU
		{7E08E752-CBFA-441A-846C-4C3ADD49F10D}.Debug|Any CPU.Build.0 = Debug|Any CPU
		{7E08E752-CBFA-441A-846C-4C3ADD49F10D}.Release|Any CPU.ActiveCfg = Release|Any CPU
		{7E08E752-CBFA-441A-846C-4C3ADD49F10D}.Release|Any CPU.Build.0 = Release|Any CPU
		{4FC29E18-B5CD-4A48-9A42-902343B08652}.Debug|Any CPU.ActiveCfg = Debug|Any CPU
		{4FC29E18-B5CD-4A48-9A42-902343B08652}.Debug|Any CPU.Build.0 = Debug|Any CPU
		{4FC29E18-B5CD-4A48-9A42-902343B08652}.Release|Any CPU.ActiveCfg = Release|Any CPU
		{4FC29E18-B5CD-4A48-9A42-902343B08652}.Release|Any CPU.Build.0 = Release|Any CPU
		{AC6D16F0-543F-4403-954C-A673790998D2}.Debug|Any CPU.ActiveCfg = Debug|Any CPU
		{AC6D16F0-543F-4403-954C-A673790998D2}.Debug|Any CPU.Build.0 = Debug|Any CPU
		{AC6D16F0-543F-4403-954C-A673790998D2}.Release|Any CPU.ActiveCfg = Release|Any CPU
		{AC6D16F0-543F-4403-954C-A673790998D2}.Release|Any CPU.Build.0 = Release|Any CPU
		{393EA823-6D90-474E-85D7-E6EEFF52B276}.Debug|Any CPU.ActiveCfg = Debug|Any CPU
		{393EA823-6D90-474E-85D7-E6EEFF52B276}.Debug|Any CPU.Build.0 = Debug|Any CPU
		{393EA823-6D90-474E-85D7-E6EEFF52B276}.Release|Any CPU.ActiveCfg = Release|Any CPU
		{393EA823-6D90-474E-85D7-E6EEFF52B276}.Release|Any CPU.Build.0 = Release|Any CPU
	EndGlobalSection
	GlobalSection(SolutionProperties) = preSolution
		HideSolutionNode = FALSE
	EndGlobalSection
	GlobalSection(ExtensibilityGlobals) = postSolution
		SolutionGuid = {5DFFE939-7831-4CDB-84D2-EE2ADEE42E9E}
	EndGlobalSection
EndGlobal
